
Microsoft Visual Studio Solution File, Format Version 12.00
Project("{FAE04EC0-301F-11D3-BF4B-00C04F79EFBC}") = "Orleans.Contrib.Streaming.NATS", "Orleans.Contrib.Streaming.NATS\Orleans.Contrib.Streaming.NATS.csproj", "{2BF9CE7C-FA72-4D52-B147-4B88C17017B9}"
EndProject
Project("{FAE04EC0-301F-11D3-BF4B-00C04F79EFBC}") = "Orleans.Contrib.Streaming.NATS.Tests", "Orleans.Contrib.Streaming.NATS.Tests\Orleans.Contrib.Streaming.NATS.Tests.csproj", "{0DB8251B-2E5A-4354-91B6-35DCB3AA1954}"
EndProject
Project("{FAE04EC0-301F-11D3-BF4B-00C04F79EFBC}") = "Orleans.Contrib.Persistance.NatsKv", "Orleans.Contrib.Persistance.NatsKv\Orleans.Contrib.Persistance.NatsKv.csproj", "{19E0FD37-C3BD-421C-8F01-4C088D31C6DD}"
EndProject
Project("{FAE04EC0-301F-11D3-BF4B-00C04F79EFBC}") = "eng", "eng\eng.csproj", "{0E303419-A16B-4440-B7FD-B030A070ACBB}"
EndProject
Project("{FAE04EC0-301F-11D3-BF4B-00C04F79EFBC}") = "Orleans.Contrib.EventSourcing.NATS", "Orleans.Contrib.EventSourcing.NATS\Orleans.Contrib.EventSourcing.NATS.csproj", "{8E8D7FBC-7F5A-4A89-AE28-1CE920D251D2}"
EndProject
Project("{FAE04EC0-301F-11D3-BF4B-00C04F79EFBC}") = "Orleans.Contrib.EventSourcing.NATS.Tests", "Orleans.Contrib.EventSourcing.NATS.Tests\Orleans.Contrib.EventSourcing.NATS.Tests.csproj", "{04D02793-71D7-46F0-AE41-D3191C78CCD2}"
EndProject
Global
	GlobalSection(SolutionConfigurationPlatforms) = preSolution
		Debug|Any CPU = Debug|Any CPU
		Release|Any CPU = Release|Any CPU
	EndGlobalSection
	GlobalSection(ProjectConfigurationPlatforms) = postSolution
		{2BF9CE7C-FA72-4D52-B147-4B88C17017B9}.Debug|Any CPU.ActiveCfg = Debug|Any CPU
		{2BF9CE7C-FA72-4D52-B147-4B88C17017B9}.Debug|Any CPU.Build.0 = Debug|Any CPU
		{2BF9CE7C-FA72-4D52-B147-4B88C17017B9}.Release|Any CPU.ActiveCfg = Release|Any CPU
		{2BF9CE7C-FA72-4D52-B147-4B88C17017B9}.Release|Any CPU.Build.0 = Release|Any CPU
		{0DB8251B-2E5A-4354-91B6-35DCB3AA1954}.Debug|Any CPU.ActiveCfg = Debug|Any CPU
		{0DB8251B-2E5A-4354-91B6-35DCB3AA1954}.Debug|Any CPU.Build.0 = Debug|Any CPU
		{0DB8251B-2E5A-4354-91B6-35DCB3AA1954}.Release|Any CPU.ActiveCfg = Release|Any CPU
		{0DB8251B-2E5A-4354-91B6-35DCB3AA1954}.Release|Any CPU.Build.0 = Release|Any CPU
		{19E0FD37-C3BD-421C-8F01-4C088D31C6DD}.Debug|Any CPU.ActiveCfg = Debug|Any CPU
		{19E0FD37-C3BD-421C-8F01-4C088D31C6DD}.Debug|Any CPU.Build.0 = Debug|Any CPU
		{19E0FD37-C3BD-421C-8F01-4C088D31C6DD}.Release|Any CPU.ActiveCfg = Release|Any CPU
		{19E0FD37-C3BD-421C-8F01-4C088D31C6DD}.Release|Any CPU.Build.0 = Release|Any CPU
		{0E303419-A16B-4440-B7FD-B030A070ACBB}.Debug|Any CPU.ActiveCfg = Debug|Any CPU
		{0E303419-A16B-4440-B7FD-B030A070ACBB}.Debug|Any CPU.Build.0 = Debug|Any CPU
		{0E303419-A16B-4440-B7FD-B030A070ACBB}.Release|Any CPU.ActiveCfg = Release|Any CPU
		{0E303419-A16B-4440-B7FD-B030A070ACBB}.Release|Any CPU.Build.0 = Release|Any CPU
		{8E8D7FBC-7F5A-4A89-AE28-1CE920D251D2}.Debug|Any CPU.ActiveCfg = Debug|Any CPU
		{8E8D7FBC-7F5A-4A89-AE28-1CE920D251D2}.Debug|Any CPU.Build.0 = Debug|Any CPU
		{8E8D7FBC-7F5A-4A89-AE28-1CE920D251D2}.Release|Any CPU.ActiveCfg = Release|Any CPU
		{8E8D7FBC-7F5A-4A89-AE28-1CE920D251D2}.Release|Any CPU.Build.0 = Release|Any CPU
		{04D02793-71D7-46F0-AE41-D3191C78CCD2}.Debug|Any CPU.ActiveCfg = Debug|Any CPU
		{04D02793-71D7-46F0-AE41-D3191C78CCD2}.Debug|Any CPU.Build.0 = Debug|Any CPU
		{04D02793-71D7-46F0-AE41-D3191C78CCD2}.Release|Any CPU.ActiveCfg = Release|Any CPU
		{04D02793-71D7-46F0-AE41-D3191C78CCD2}.Release|Any CPU.Build.0 = Release|Any CPU
	EndGlobalSection
EndGlobal
